
Microsoft Visual Studio Solution File, Format Version 12.00
# Visual Studio Version 16
VisualStudioVersion = 16.0.28315.86
MinimumVisualStudioVersion = 10.0.40219.1
Project("{2150E333-8FDC-42A3-9474-1A3956D46DE8}") = "Engine", "Engine", "{E1B02812-E7E7-4FC4-B3FD-FE0DEC27D8C4}"
EndProject
Project("{2150E333-8FDC-42A3-9474-1A3956D46DE8}") = "Games", "Games", "{1D5168CE-D016-4AFF-9DB4-E73084507CB8}"
EndProject
Project("{8BC9CEB8-8B4A-11D0-8D11-00A0C91BC942}") = "MyGame", "Intermediate\ProjectFiles\MyGame.vcxproj", "{8CC3EF28-D114-4F06-AE30-58EDC8DA9862}"
EndProject
Project("{8BC9CEB8-8B4A-11D0-8D11-00A0C91BC942}") = "UE4", "Intermediate\ProjectFiles\UE4.vcxproj", "{196E95BD-FFC1-436B-A639-5505EEBC048D}"
EndProject
Project("{2150E333-8FDC-42A3-9474-1A3956D46DE8}") = "Visualizers", "Visualizers", "{2BA98352-1560-48F0-A999-14F0424CFEBA}"
	ProjectSection(SolutionItems) = preProject
		D:\4.24\UE_4.24\Engine\Extras\VisualStudioDebugging\UE4.natvis = D:\4.24\UE_4.24\Engine\Extras\VisualStudioDebugging\UE4.natvis
	EndProjectSection
EndProject
Global
	GlobalSection(SolutionConfigurationPlatforms) = preSolution
		DebugGame Editor|Win32 = DebugGame Editor|Win32
		DebugGame Editor|Win64 = DebugGame Editor|Win64
		DebugGame|Win32 = DebugGame|Win32
		DebugGame|Win64 = DebugGame|Win64
		Development Editor|Win32 = Development Editor|Win32
		Development Editor|Win64 = Development Editor|Win64
		Development|Win32 = Development|Win32
		Development|Win64 = Development|Win64
		Shipping|Win32 = Shipping|Win32
		Shipping|Win64 = Shipping|Win64
	EndGlobalSection
	GlobalSection(ProjectConfigurationPlatforms) = postSolution
		{8CC3EF28-D114-4F06-AE30-58EDC8DA9862}.DebugGame Editor|Win32.ActiveCfg = Invalid|Win32
		{8CC3EF28-D114-4F06-AE30-58EDC8DA9862}.DebugGame Editor|Win64.ActiveCfg = DebugGame_Editor|x64
		{8CC3EF28-D114-4F06-AE30-58EDC8DA9862}.DebugGame Editor|Win64.Build.0 = DebugGame_Editor|x64
		{8CC3EF28-D114-4F06-AE30-58EDC8DA9862}.DebugGame|Win32.ActiveCfg = DebugGame|Win32
		{8CC3EF28-D114-4F06-AE30-58EDC8DA9862}.DebugGame|Win32.Build.0 = DebugGame|Win32
		{8CC3EF28-D114-4F06-AE30-58EDC8DA9862}.DebugGame|Win64.ActiveCfg = DebugGame|x64
		{8CC3EF28-D114-4F06-AE30-58EDC8DA9862}.DebugGame|Win64.Build.0 = DebugGame|x64
		{8CC3EF28-D114-4F06-AE30-58EDC8DA9862}.Development Editor|Win32.ActiveCfg = Invalid|Win32
		{8CC3EF28-D114-4F06-AE30-58EDC8DA9862}.Development Editor|Win64.ActiveCfg = Development_Editor|x64
		{8CC3EF28-D114-4F06-AE30-58EDC8DA9862}.Development Editor|Win64.Build.0 = Development_Editor|x64
		{8CC3EF28-D114-4F06-AE30-58EDC8DA9862}.Development|Win32.ActiveCfg = Development|Win32
		{8CC3EF28-D114-4F06-AE30-58EDC8DA9862}.Development|Win32.Build.0 = Development|Win32
		{8CC3EF28-D114-4F06-AE30-58EDC8DA9862}.Development|Win64.ActiveCfg = Development|x64
		{8CC3EF28-D114-4F06-AE30-58EDC8DA9862}.Development|Win64.Build.0 = Development|x64
		{8CC3EF28-D114-4F06-AE30-58EDC8DA9862}.Shipping|Win32.ActiveCfg = Shipping|Win32
		{8CC3EF28-D114-4F06-AE30-58EDC8DA9862}.Shipping|Win32.Build.0 = Shipping|Win32
		{8CC3EF28-D114-4F06-AE30-58EDC8DA9862}.Shipping|Win64.ActiveCfg = Shipping|x64
		{8CC3EF28-D114-4F06-AE30-58EDC8DA9862}.Shipping|Win64.Build.0 = Shipping|x64
		{196E95BD-FFC1-436B-A639-5505EEBC048D}.DebugGame Editor|Win32.ActiveCfg = BuiltWithUnrealBuildTool|Win32
		{196E95BD-FFC1-436B-A639-5505EEBC048D}.DebugGame Editor|Win64.ActiveCfg = BuiltWithUnrealBuildTool|Win32
		{196E95BD-FFC1-436B-A639-5505EEBC048D}.DebugGame|Win32.ActiveCfg = BuiltWithUnrealBuildTool|Win32
		{196E95BD-FFC1-436B-A639-5505EEBC048D}.DebugGame|Win64.ActiveCfg = BuiltWithUnrealBuildTool|Win32
		{196E95BD-FFC1-436B-A639-5505EEBC048D}.Development Editor|Win32.ActiveCfg = BuiltWithUnrealBuildTool|Win32
		{196E95BD-FFC1-436B-A639-5505EEBC048D}.Development Editor|Win64.ActiveCfg = BuiltWithUnrealBuildTool|Win32
		{196E95BD-FFC1-436B-A639-5505EEBC048D}.Development|Win32.ActiveCfg = BuiltWithUnrealBuildTool|Win32
		{196E95BD-FFC1-436B-A639-5505EEBC048D}.Development|Win64.ActiveCfg = BuiltWithUnrealBuildTool|Win32
		{196E95BD-FFC1-436B-A639-5505EEBC048D}.Shipping|Win32.ActiveCfg = BuiltWithUnrealBuildTool|Win32
		{196E95BD-FFC1-436B-A639-5505EEBC048D}.Shipping|Win64.ActiveCfg = BuiltWithUnrealBuildTool|Win32
	EndGlobalSection
	GlobalSection(SolutionProperties) = preSolution
		HideSolutionNode = FALSE
	EndGlobalSection
	GlobalSection(NestedProjects) = preSolution
		{196E95BD-FFC1-436B-A639-5505EEBC048D} = {E1B02812-E7E7-4FC4-B3FD-FE0DEC27D8C4}
		{8CC3EF28-D114-4F06-AE30-58EDC8DA9862} = {1D5168CE-D016-4AFF-9DB4-E73084507CB8}
	EndGlobalSection
EndGlobal
