
Microsoft Visual Studio Solution File, Format Version 12.00
# Visual Studio Version 16
VisualStudioVersion = 16.0.28315.86
MinimumVisualStudioVersion = 10.0.40219.1
Project("{2150E333-8FDC-42A3-9474-1A3956D46DE8}") = "Engine", "Engine", "{88E7B383-4AC3-4438-B842-9C61EFD90863}"
EndProject
Project("{2150E333-8FDC-42A3-9474-1A3956D46DE8}") = "Games", "Games", "{8445B854-8D92-42F1-B487-8722C184D24A}"
EndProject
Project("{8BC9CEB8-8B4A-11D0-8D11-00A0C91BC942}") = "UE4", "Intermediate\ProjectFiles\UE4.vcxproj", "{FF32C756-B2C5-4A1C-A9FB-820B11A240EC}"
EndProject
Project("{8BC9CEB8-8B4A-11D0-8D11-00A0C91BC942}") = "MyGame", "Intermediate\ProjectFiles\MyGame.vcxproj", "{A00ACC1D-6B45-4F7B-AFFB-85A3B2B3FB30}"
EndProject
Project("{2150E333-8FDC-42A3-9474-1A3956D46DE8}") = "Visualizers", "Visualizers", "{9FC91DDA-30CB-439A-97CA-C429430A6110}"
	ProjectSection(SolutionItems) = preProject
		..\..\UnrealEngine\UE_4.24\Engine\Extras\VisualStudioDebugging\UE4.natvis = ..\..\UnrealEngine\UE_4.24\Engine\Extras\VisualStudioDebugging\UE4.natvis
	EndProjectSection
EndProject
Global
	GlobalSection(SolutionConfigurationPlatforms) = preSolution
		DebugGame Editor|Win32 = DebugGame Editor|Win32
		DebugGame Editor|Win64 = DebugGame Editor|Win64
		DebugGame|Win32 = DebugGame|Win32
		DebugGame|Win64 = DebugGame|Win64
		Development Editor|Win32 = Development Editor|Win32
		Development Editor|Win64 = Development Editor|Win64
		Development|Win32 = Development|Win32
		Development|Win64 = Development|Win64
		Shipping|Win32 = Shipping|Win32
		Shipping|Win64 = Shipping|Win64
	EndGlobalSection
	GlobalSection(ProjectConfigurationPlatforms) = postSolution
		{FF32C756-B2C5-4A1C-A9FB-820B11A240EC}.DebugGame Editor|Win32.ActiveCfg = BuiltWithUnrealBuildTool|Win32
		{FF32C756-B2C5-4A1C-A9FB-820B11A240EC}.DebugGame Editor|Win64.ActiveCfg = BuiltWithUnrealBuildTool|Win32
		{FF32C756-B2C5-4A1C-A9FB-820B11A240EC}.DebugGame|Win32.ActiveCfg = BuiltWithUnrealBuildTool|Win32
		{FF32C756-B2C5-4A1C-A9FB-820B11A240EC}.DebugGame|Win64.ActiveCfg = BuiltWithUnrealBuildTool|Win32
		{FF32C756-B2C5-4A1C-A9FB-820B11A240EC}.Development Editor|Win32.ActiveCfg = BuiltWithUnrealBuildTool|Win32
		{FF32C756-B2C5-4A1C-A9FB-820B11A240EC}.Development Editor|Win64.ActiveCfg = BuiltWithUnrealBuildTool|Win32
		{FF32C756-B2C5-4A1C-A9FB-820B11A240EC}.Development|Win32.ActiveCfg = BuiltWithUnrealBuildTool|Win32
		{FF32C756-B2C5-4A1C-A9FB-820B11A240EC}.Development|Win64.ActiveCfg = BuiltWithUnrealBuildTool|Win32
		{FF32C756-B2C5-4A1C-A9FB-820B11A240EC}.Shipping|Win32.ActiveCfg = BuiltWithUnrealBuildTool|Win32
		{FF32C756-B2C5-4A1C-A9FB-820B11A240EC}.Shipping|Win64.ActiveCfg = BuiltWithUnrealBuildTool|Win32
		{A00ACC1D-6B45-4F7B-AFFB-85A3B2B3FB30}.DebugGame Editor|Win32.ActiveCfg = Invalid|Win32
		{A00ACC1D-6B45-4F7B-AFFB-85A3B2B3FB30}.DebugGame Editor|Win64.ActiveCfg = DebugGame_Editor|x64
		{A00ACC1D-6B45-4F7B-AFFB-85A3B2B3FB30}.DebugGame Editor|Win64.Build.0 = DebugGame_Editor|x64
		{A00ACC1D-6B45-4F7B-AFFB-85A3B2B3FB30}.DebugGame|Win32.ActiveCfg = DebugGame|Win32
		{A00ACC1D-6B45-4F7B-AFFB-85A3B2B3FB30}.DebugGame|Win32.Build.0 = DebugGame|Win32
		{A00ACC1D-6B45-4F7B-AFFB-85A3B2B3FB30}.DebugGame|Win64.ActiveCfg = DebugGame|x64
		{A00ACC1D-6B45-4F7B-AFFB-85A3B2B3FB30}.DebugGame|Win64.Build.0 = DebugGame|x64
		{A00ACC1D-6B45-4F7B-AFFB-85A3B2B3FB30}.Development Editor|Win32.ActiveCfg = Invalid|Win32
		{A00ACC1D-6B45-4F7B-AFFB-85A3B2B3FB30}.Development Editor|Win64.ActiveCfg = Development_Editor|x64
		{A00ACC1D-6B45-4F7B-AFFB-85A3B2B3FB30}.Development Editor|Win64.Build.0 = Development_Editor|x64
		{A00ACC1D-6B45-4F7B-AFFB-85A3B2B3FB30}.Development|Win32.ActiveCfg = Development|Win32
		{A00ACC1D-6B45-4F7B-AFFB-85A3B2B3FB30}.Development|Win32.Build.0 = Development|Win32
		{A00ACC1D-6B45-4F7B-AFFB-85A3B2B3FB30}.Development|Win64.ActiveCfg = Development|x64
		{A00ACC1D-6B45-4F7B-AFFB-85A3B2B3FB30}.Development|Win64.Build.0 = Development|x64
		{A00ACC1D-6B45-4F7B-AFFB-85A3B2B3FB30}.Shipping|Win32.ActiveCfg = Shipping|Win32
		{A00ACC1D-6B45-4F7B-AFFB-85A3B2B3FB30}.Shipping|Win32.Build.0 = Shipping|Win32
		{A00ACC1D-6B45-4F7B-AFFB-85A3B2B3FB30}.Shipping|Win64.ActiveCfg = Shipping|x64
		{A00ACC1D-6B45-4F7B-AFFB-85A3B2B3FB30}.Shipping|Win64.Build.0 = Shipping|x64
	EndGlobalSection
	GlobalSection(SolutionProperties) = preSolution
		HideSolutionNode = FALSE
	EndGlobalSection
	GlobalSection(NestedProjects) = preSolution
		{FF32C756-B2C5-4A1C-A9FB-820B11A240EC} = {88E7B383-4AC3-4438-B842-9C61EFD90863}
		{A00ACC1D-6B45-4F7B-AFFB-85A3B2B3FB30} = {8445B854-8D92-42F1-B487-8722C184D24A}
	EndGlobalSection
EndGlobal
